
Microsoft Visual Studio Solution File, Format Version 12.00
# Visual Studio 15
VisualStudioVersion = 15.0.27130.2010
MinimumVisualStudioVersion = 10.0.40219.1
Project("{FAE04EC0-301F-11D3-BF4B-00C04F79EFBC}") = "CassandraShopWebsite", "CassandraShopWebsite\CassandraShopWebsite.csproj", "{22AC2049-740E-4442-AE0A-16E80946DBBF}"
EndProject
Global
	GlobalSection(SolutionConfigurationPlatforms) = preSolution
		Debug|Any CPU = Debug|Any CPU
		Release|Any CPU = Release|Any CPU
	EndGlobalSection
	GlobalSection(ProjectConfigurationPlatforms) = postSolution
		{22AC2049-740E-4442-AE0A-16E80946DBBF}.Debug|Any CPU.ActiveCfg = Debug|Any CPU
		{22AC2049-740E-4442-AE0A-16E80946DBBF}.Debug|Any CPU.Build.0 = Debug|Any CPU
		{22AC2049-740E-4442-AE0A-16E80946DBBF}.Release|Any CPU.ActiveCfg = Release|Any CPU
		{22AC2049-740E-4442-AE0A-16E80946DBBF}.Release|Any CPU.Build.0 = Release|Any CPU
	EndGlobalSection
	GlobalSection(SolutionProperties) = preSolution
		HideSolutionNode = FALSE
	EndGlobalSection
	GlobalSection(ExtensibilityGlobals) = postSolution
		SolutionGuid = {E9FF8BEA-D321-47BF-AC4F-08CCB0466320}
	EndGlobalSection
EndGlobal
